
Microsoft Visual Studio Solution File, Format Version 12.00
# Visual Studio 15
VisualStudioVersion = 15.0.26124.0
MinimumVisualStudioVersion = 15.0.26124.0
Project("{2150E333-8FDC-42A3-9474-1A3956D46DE8}") = "src", "src", "{BDDB8848-8734-4C5B-99BF-665F093B6DFC}"
EndProject
Project("{FAE04EC0-301F-11D3-BF4B-00C04F79EFBC}") = "Test", "src\Test\Test.csproj", "{EEAAEE06-E970-4D2A-835B-572C454F39F3}"
EndProject
Project("{2150E333-8FDC-42A3-9474-1A3956D46DE8}") = "test", "test", "{BD747EBF-8A2A-4A76-B53C-DF3DC782455F}"
EndProject
Project("{FAE04EC0-301F-11D3-BF4B-00C04F79EFBC}") = "Test.Test", "test\Test.Test\Test.Test.csproj", "{CD33D6D7-0703-47D4-A9F6-D8AC27AC2C8E}"
EndProject
Project("{FAE04EC0-301F-11D3-BF4B-00C04F79EFBC}") = "Test.Crosscutting", "src\Test.Crosscutting\Test.Crosscutting.csproj", "{5EE02C5F-AED4-495D-9096-6E1C750397A0}"
EndProject
Project("{FAE04EC0-301F-11D3-BF4B-00C04F79EFBC}") = "Test.Domain", "src\Test.Domain\Test.Domain.csproj", "{ECA47223-7E17-40DC-8AEF-BBF25126F9A5}"
EndProject
Project("{FAE04EC0-301F-11D3-BF4B-00C04F79EFBC}") = "Test.Dto", "src\Test.Dto\Test.Dto.csproj", "{6AFD5013-7071-477E-A7FC-238284CCB5CB}"
EndProject
Project("{FAE04EC0-301F-11D3-BF4B-00C04F79EFBC}") = "Test.Domain.Services", "src\Test.Domain.Services\Test.Domain.Services.csproj", "{E73114EB-49E2-4E52-9906-0612C7DF3C04}"
EndProject
Project("{FAE04EC0-301F-11D3-BF4B-00C04F79EFBC}") = "Test.Infrastructure", "src\Test.Infrastructure\Test.Infrastructure.csproj", "{91CB6926-5625-4213-AD30-78A9810147CC}"
EndProject
Global
	GlobalSection(SolutionConfigurationPlatforms) = preSolution
		Debug|Any CPU = Debug|Any CPU
		Debug|x64 = Debug|x64
		Debug|x86 = Debug|x86
		Release|Any CPU = Release|Any CPU
		Release|x64 = Release|x64
		Release|x86 = Release|x86
	EndGlobalSection
	GlobalSection(SolutionProperties) = preSolution
		HideSolutionNode = FALSE
	EndGlobalSection
	GlobalSection(ProjectConfigurationPlatforms) = postSolution
		{EEAAEE06-E970-4D2A-835B-572C454F39F3}.Debug|Any CPU.ActiveCfg = Debug|Any CPU
		{EEAAEE06-E970-4D2A-835B-572C454F39F3}.Debug|Any CPU.Build.0 = Debug|Any CPU
		{EEAAEE06-E970-4D2A-835B-572C454F39F3}.Debug|x64.ActiveCfg = Debug|Any CPU
		{EEAAEE06-E970-4D2A-835B-572C454F39F3}.Debug|x64.Build.0 = Debug|Any CPU
		{EEAAEE06-E970-4D2A-835B-572C454F39F3}.Debug|x86.ActiveCfg = Debug|Any CPU
		{EEAAEE06-E970-4D2A-835B-572C454F39F3}.Debug|x86.Build.0 = Debug|Any CPU
		{EEAAEE06-E970-4D2A-835B-572C454F39F3}.Release|Any CPU.ActiveCfg = Release|Any CPU
		{EEAAEE06-E970-4D2A-835B-572C454F39F3}.Release|Any CPU.Build.0 = Release|Any CPU
		{EEAAEE06-E970-4D2A-835B-572C454F39F3}.Release|x64.ActiveCfg = Release|Any CPU
		{EEAAEE06-E970-4D2A-835B-572C454F39F3}.Release|x64.Build.0 = Release|Any CPU
		{EEAAEE06-E970-4D2A-835B-572C454F39F3}.Release|x86.ActiveCfg = Release|Any CPU
		{EEAAEE06-E970-4D2A-835B-572C454F39F3}.Release|x86.Build.0 = Release|Any CPU
		{CD33D6D7-0703-47D4-A9F6-D8AC27AC2C8E}.Debug|Any CPU.ActiveCfg = Debug|Any CPU
		{CD33D6D7-0703-47D4-A9F6-D8AC27AC2C8E}.Debug|Any CPU.Build.0 = Debug|Any CPU
		{CD33D6D7-0703-47D4-A9F6-D8AC27AC2C8E}.Debug|x64.ActiveCfg = Debug|Any CPU
		{CD33D6D7-0703-47D4-A9F6-D8AC27AC2C8E}.Debug|x64.Build.0 = Debug|Any CPU
		{CD33D6D7-0703-47D4-A9F6-D8AC27AC2C8E}.Debug|x86.ActiveCfg = Debug|Any CPU
		{CD33D6D7-0703-47D4-A9F6-D8AC27AC2C8E}.Debug|x86.Build.0 = Debug|Any CPU
		{CD33D6D7-0703-47D4-A9F6-D8AC27AC2C8E}.Release|Any CPU.ActiveCfg = Release|Any CPU
		{CD33D6D7-0703-47D4-A9F6-D8AC27AC2C8E}.Release|Any CPU.Build.0 = Release|Any CPU
		{CD33D6D7-0703-47D4-A9F6-D8AC27AC2C8E}.Release|x64.ActiveCfg = Release|Any CPU
		{CD33D6D7-0703-47D4-A9F6-D8AC27AC2C8E}.Release|x64.Build.0 = Release|Any CPU
		{CD33D6D7-0703-47D4-A9F6-D8AC27AC2C8E}.Release|x86.ActiveCfg = Release|Any CPU
		{CD33D6D7-0703-47D4-A9F6-D8AC27AC2C8E}.Release|x86.Build.0 = Release|Any CPU
		{5EE02C5F-AED4-495D-9096-6E1C750397A0}.Debug|Any CPU.ActiveCfg = Debug|Any CPU
		{5EE02C5F-AED4-495D-9096-6E1C750397A0}.Debug|Any CPU.Build.0 = Debug|Any CPU
		{5EE02C5F-AED4-495D-9096-6E1C750397A0}.Debug|x64.ActiveCfg = Debug|Any CPU
		{5EE02C5F-AED4-495D-9096-6E1C750397A0}.Debug|x64.Build.0 = Debug|Any CPU
		{5EE02C5F-AED4-495D-9096-6E1C750397A0}.Debug|x86.ActiveCfg = Debug|Any CPU
		{5EE02C5F-AED4-495D-9096-6E1C750397A0}.Debug|x86.Build.0 = Debug|Any CPU
		{5EE02C5F-AED4-495D-9096-6E1C750397A0}.Release|Any CPU.ActiveCfg = Release|Any CPU
		{5EE02C5F-AED4-495D-9096-6E1C750397A0}.Release|Any CPU.Build.0 = Release|Any CPU
		{5EE02C5F-AED4-495D-9096-6E1C750397A0}.Release|x64.ActiveCfg = Release|Any CPU
		{5EE02C5F-AED4-495D-9096-6E1C750397A0}.Release|x64.Build.0 = Release|Any CPU
		{5EE02C5F-AED4-495D-9096-6E1C750397A0}.Release|x86.ActiveCfg = Release|Any CPU
		{5EE02C5F-AED4-495D-9096-6E1C750397A0}.Release|x86.Build.0 = Release|Any CPU
		{ECA47223-7E17-40DC-8AEF-BBF25126F9A5}.Debug|Any CPU.ActiveCfg = Debug|Any CPU
		{ECA47223-7E17-40DC-8AEF-BBF25126F9A5}.Debug|Any CPU.Build.0 = Debug|Any CPU
		{ECA47223-7E17-40DC-8AEF-BBF25126F9A5}.Debug|x64.ActiveCfg = Debug|Any CPU
		{ECA47223-7E17-40DC-8AEF-BBF25126F9A5}.Debug|x64.Build.0 = Debug|Any CPU
		{ECA47223-7E17-40DC-8AEF-BBF25126F9A5}.Debug|x86.ActiveCfg = Debug|Any CPU
		{ECA47223-7E17-40DC-8AEF-BBF25126F9A5}.Debug|x86.Build.0 = Debug|Any CPU
		{ECA47223-7E17-40DC-8AEF-BBF25126F9A5}.Release|Any CPU.ActiveCfg = Release|Any CPU
		{ECA47223-7E17-40DC-8AEF-BBF25126F9A5}.Release|Any CPU.Build.0 = Release|Any CPU
		{ECA47223-7E17-40DC-8AEF-BBF25126F9A5}.Release|x64.ActiveCfg = Release|Any CPU
		{ECA47223-7E17-40DC-8AEF-BBF25126F9A5}.Release|x64.Build.0 = Release|Any CPU
		{ECA47223-7E17-40DC-8AEF-BBF25126F9A5}.Release|x86.ActiveCfg = Release|Any CPU
		{ECA47223-7E17-40DC-8AEF-BBF25126F9A5}.Release|x86.Build.0 = Release|Any CPU
		{6AFD5013-7071-477E-A7FC-238284CCB5CB}.Debug|Any CPU.ActiveCfg = Debug|Any CPU
		{6AFD5013-7071-477E-A7FC-238284CCB5CB}.Debug|Any CPU.Build.0 = Debug|Any CPU
		{6AFD5013-7071-477E-A7FC-238284CCB5CB}.Debug|x64.ActiveCfg = Debug|Any CPU
		{6AFD5013-7071-477E-A7FC-238284CCB5CB}.Debug|x64.Build.0 = Debug|Any CPU
		{6AFD5013-7071-477E-A7FC-238284CCB5CB}.Debug|x86.ActiveCfg = Debug|Any CPU
		{6AFD5013-7071-477E-A7FC-238284CCB5CB}.Debug|x86.Build.0 = Debug|Any CPU
		{6AFD5013-7071-477E-A7FC-238284CCB5CB}.Release|Any CPU.ActiveCfg = Release|Any CPU
		{6AFD5013-7071-477E-A7FC-238284CCB5CB}.Release|Any CPU.Build.0 = Release|Any CPU
		{6AFD5013-7071-477E-A7FC-238284CCB5CB}.Release|x64.ActiveCfg = Release|Any CPU
		{6AFD5013-7071-477E-A7FC-238284CCB5CB}.Release|x64.Build.0 = Release|Any CPU
		{6AFD5013-7071-477E-A7FC-238284CCB5CB}.Release|x86.ActiveCfg = Release|Any CPU
		{6AFD5013-7071-477E-A7FC-238284CCB5CB}.Release|x86.Build.0 = Release|Any CPU
		{E73114EB-49E2-4E52-9906-0612C7DF3C04}.Debug|Any CPU.ActiveCfg = Debug|Any CPU
		{E73114EB-49E2-4E52-9906-0612C7DF3C04}.Debug|Any CPU.Build.0 = Debug|Any CPU
		{E73114EB-49E2-4E52-9906-0612C7DF3C04}.Debug|x64.ActiveCfg = Debug|Any CPU
		{E73114EB-49E2-4E52-9906-0612C7DF3C04}.Debug|x64.Build.0 = Debug|Any CPU
		{E73114EB-49E2-4E52-9906-0612C7DF3C04}.Debug|x86.ActiveCfg = Debug|Any CPU
		{E73114EB-49E2-4E52-9906-0612C7DF3C04}.Debug|x86.Build.0 = Debug|Any CPU
		{E73114EB-49E2-4E52-9906-0612C7DF3C04}.Release|Any CPU.ActiveCfg = Release|Any CPU
		{E73114EB-49E2-4E52-9906-0612C7DF3C04}.Release|Any CPU.Build.0 = Release|Any CPU
		{E73114EB-49E2-4E52-9906-0612C7DF3C04}.Release|x64.ActiveCfg = Release|Any CPU
		{E73114EB-49E2-4E52-9906-0612C7DF3C04}.Release|x64.Build.0 = Release|Any CPU
		{E73114EB-49E2-4E52-9906-0612C7DF3C04}.Release|x86.ActiveCfg = Release|Any CPU
		{E73114EB-49E2-4E52-9906-0612C7DF3C04}.Release|x86.Build.0 = Release|Any CPU
		{91CB6926-5625-4213-AD30-78A9810147CC}.Debug|Any CPU.ActiveCfg = Debug|Any CPU
		{91CB6926-5625-4213-AD30-78A9810147CC}.Debug|Any CPU.Build.0 = Debug|Any CPU
		{91CB6926-5625-4213-AD30-78A9810147CC}.Debug|x64.ActiveCfg = Debug|Any CPU
		{91CB6926-5625-4213-AD30-78A9810147CC}.Debug|x64.Build.0 = Debug|Any CPU
		{91CB6926-5625-4213-AD30-78A9810147CC}.Debug|x86.ActiveCfg = Debug|Any CPU
		{91CB6926-5625-4213-AD30-78A9810147CC}.Debug|x86.Build.0 = Debug|Any CPU
		{91CB6926-5625-4213-AD30-78A9810147CC}.Release|Any CPU.ActiveCfg = Release|Any CPU
		{91CB6926-5625-4213-AD30-78A9810147CC}.Release|Any CPU.Build.0 = Release|Any CPU
		{91CB6926-5625-4213-AD30-78A9810147CC}.Release|x64.ActiveCfg = Release|Any CPU
		{91CB6926-5625-4213-AD30-78A9810147CC}.Release|x64.Build.0 = Release|Any CPU
		{91CB6926-5625-4213-AD30-78A9810147CC}.Release|x86.ActiveCfg = Release|Any CPU
		{91CB6926-5625-4213-AD30-78A9810147CC}.Release|x86.Build.0 = Release|Any CPU
	EndGlobalSection
	GlobalSection(NestedProjects) = preSolution
		{EEAAEE06-E970-4D2A-835B-572C454F39F3} = {BDDB8848-8734-4C5B-99BF-665F093B6DFC}
		{CD33D6D7-0703-47D4-A9F6-D8AC27AC2C8E} = {BD747EBF-8A2A-4A76-B53C-DF3DC782455F}
		{5EE02C5F-AED4-495D-9096-6E1C750397A0} = {BDDB8848-8734-4C5B-99BF-665F093B6DFC}
		{ECA47223-7E17-40DC-8AEF-BBF25126F9A5} = {BDDB8848-8734-4C5B-99BF-665F093B6DFC}
		{6AFD5013-7071-477E-A7FC-238284CCB5CB} = {BDDB8848-8734-4C5B-99BF-665F093B6DFC}
		{E73114EB-49E2-4E52-9906-0612C7DF3C04} = {BDDB8848-8734-4C5B-99BF-665F093B6DFC}
		{91CB6926-5625-4213-AD30-78A9810147CC} = {BDDB8848-8734-4C5B-99BF-665F093B6DFC}
	EndGlobalSection
EndGlobal
