
Microsoft Visual Studio Solution File, Format Version 12.00
# Visual Studio 15
VisualStudioVersion = 15.0.26124.0
MinimumVisualStudioVersion = 15.0.26124.0
Project("{2150E333-8FDC-42A3-9474-1A3956D46DE8}") = "src", "src", "{AD130B16-C550-4106-9086-0B7FFB3E64AD}"
EndProject
Project("{FAE04EC0-301F-11D3-BF4B-00C04F79EFBC}") = "Test", "src\Test\Test.csproj", "{F3AB2CBA-5BDD-4983-846E-7722804A349C}"
EndProject
Project("{2150E333-8FDC-42A3-9474-1A3956D46DE8}") = "test", "test", "{241C0B54-7101-4A4C-B0C7-247B55126D8B}"
EndProject
Project("{FAE04EC0-301F-11D3-BF4B-00C04F79EFBC}") = "Test.Test", "test\Test.Test\Test.Test.csproj", "{CD3E8290-311D-4A91-AB13-6D2EE6FE34CE}"
EndProject
Project("{FAE04EC0-301F-11D3-BF4B-00C04F79EFBC}") = "Test.Crosscutting", "src\Test.Crosscutting\Test.Crosscutting.csproj", "{43C64F49-7387-435A-AF80-1C80B89DC1B6}"
EndProject
Project("{FAE04EC0-301F-11D3-BF4B-00C04F79EFBC}") = "Test.Domain", "src\Test.Domain\Test.Domain.csproj", "{47531D67-F82E-4326-BCDB-533AD89F588D}"
EndProject
Project("{FAE04EC0-301F-11D3-BF4B-00C04F79EFBC}") = "Test.Dto", "src\Test.Dto\Test.Dto.csproj", "{801CBE45-D0F9-447D-9169-71A062068845}"
EndProject
Project("{FAE04EC0-301F-11D3-BF4B-00C04F79EFBC}") = "Test.Domain.Services", "src\Test.Domain.Services\Test.Domain.Services.csproj", "{68BC01A1-A211-4650-83B4-4BBB918A2BD3}"
EndProject
Project("{FAE04EC0-301F-11D3-BF4B-00C04F79EFBC}") = "Test.Infrastructure", "src\Test.Infrastructure\Test.Infrastructure.csproj", "{91B14593-D5A0-4D80-ADF7-4490BBAF352E}"
EndProject
Global
	GlobalSection(SolutionConfigurationPlatforms) = preSolution
		Debug|Any CPU = Debug|Any CPU
		Debug|x64 = Debug|x64
		Debug|x86 = Debug|x86
		Release|Any CPU = Release|Any CPU
		Release|x64 = Release|x64
		Release|x86 = Release|x86
	EndGlobalSection
	GlobalSection(SolutionProperties) = preSolution
		HideSolutionNode = FALSE
	EndGlobalSection
	GlobalSection(ProjectConfigurationPlatforms) = postSolution
		{F3AB2CBA-5BDD-4983-846E-7722804A349C}.Debug|Any CPU.ActiveCfg = Debug|Any CPU
		{F3AB2CBA-5BDD-4983-846E-7722804A349C}.Debug|Any CPU.Build.0 = Debug|Any CPU
		{F3AB2CBA-5BDD-4983-846E-7722804A349C}.Debug|x64.ActiveCfg = Debug|Any CPU
		{F3AB2CBA-5BDD-4983-846E-7722804A349C}.Debug|x64.Build.0 = Debug|Any CPU
		{F3AB2CBA-5BDD-4983-846E-7722804A349C}.Debug|x86.ActiveCfg = Debug|Any CPU
		{F3AB2CBA-5BDD-4983-846E-7722804A349C}.Debug|x86.Build.0 = Debug|Any CPU
		{F3AB2CBA-5BDD-4983-846E-7722804A349C}.Release|Any CPU.ActiveCfg = Release|Any CPU
		{F3AB2CBA-5BDD-4983-846E-7722804A349C}.Release|Any CPU.Build.0 = Release|Any CPU
		{F3AB2CBA-5BDD-4983-846E-7722804A349C}.Release|x64.ActiveCfg = Release|Any CPU
		{F3AB2CBA-5BDD-4983-846E-7722804A349C}.Release|x64.Build.0 = Release|Any CPU
		{F3AB2CBA-5BDD-4983-846E-7722804A349C}.Release|x86.ActiveCfg = Release|Any CPU
		{F3AB2CBA-5BDD-4983-846E-7722804A349C}.Release|x86.Build.0 = Release|Any CPU
		{CD3E8290-311D-4A91-AB13-6D2EE6FE34CE}.Debug|Any CPU.ActiveCfg = Debug|Any CPU
		{CD3E8290-311D-4A91-AB13-6D2EE6FE34CE}.Debug|Any CPU.Build.0 = Debug|Any CPU
		{CD3E8290-311D-4A91-AB13-6D2EE6FE34CE}.Debug|x64.ActiveCfg = Debug|Any CPU
		{CD3E8290-311D-4A91-AB13-6D2EE6FE34CE}.Debug|x64.Build.0 = Debug|Any CPU
		{CD3E8290-311D-4A91-AB13-6D2EE6FE34CE}.Debug|x86.ActiveCfg = Debug|Any CPU
		{CD3E8290-311D-4A91-AB13-6D2EE6FE34CE}.Debug|x86.Build.0 = Debug|Any CPU
		{CD3E8290-311D-4A91-AB13-6D2EE6FE34CE}.Release|Any CPU.ActiveCfg = Release|Any CPU
		{CD3E8290-311D-4A91-AB13-6D2EE6FE34CE}.Release|Any CPU.Build.0 = Release|Any CPU
		{CD3E8290-311D-4A91-AB13-6D2EE6FE34CE}.Release|x64.ActiveCfg = Release|Any CPU
		{CD3E8290-311D-4A91-AB13-6D2EE6FE34CE}.Release|x64.Build.0 = Release|Any CPU
		{CD3E8290-311D-4A91-AB13-6D2EE6FE34CE}.Release|x86.ActiveCfg = Release|Any CPU
		{CD3E8290-311D-4A91-AB13-6D2EE6FE34CE}.Release|x86.Build.0 = Release|Any CPU
		{43C64F49-7387-435A-AF80-1C80B89DC1B6}.Debug|Any CPU.ActiveCfg = Debug|Any CPU
		{43C64F49-7387-435A-AF80-1C80B89DC1B6}.Debug|Any CPU.Build.0 = Debug|Any CPU
		{43C64F49-7387-435A-AF80-1C80B89DC1B6}.Debug|x64.ActiveCfg = Debug|Any CPU
		{43C64F49-7387-435A-AF80-1C80B89DC1B6}.Debug|x64.Build.0 = Debug|Any CPU
		{43C64F49-7387-435A-AF80-1C80B89DC1B6}.Debug|x86.ActiveCfg = Debug|Any CPU
		{43C64F49-7387-435A-AF80-1C80B89DC1B6}.Debug|x86.Build.0 = Debug|Any CPU
		{43C64F49-7387-435A-AF80-1C80B89DC1B6}.Release|Any CPU.ActiveCfg = Release|Any CPU
		{43C64F49-7387-435A-AF80-1C80B89DC1B6}.Release|Any CPU.Build.0 = Release|Any CPU
		{43C64F49-7387-435A-AF80-1C80B89DC1B6}.Release|x64.ActiveCfg = Release|Any CPU
		{43C64F49-7387-435A-AF80-1C80B89DC1B6}.Release|x64.Build.0 = Release|Any CPU
		{43C64F49-7387-435A-AF80-1C80B89DC1B6}.Release|x86.ActiveCfg = Release|Any CPU
		{43C64F49-7387-435A-AF80-1C80B89DC1B6}.Release|x86.Build.0 = Release|Any CPU
		{47531D67-F82E-4326-BCDB-533AD89F588D}.Debug|Any CPU.ActiveCfg = Debug|Any CPU
		{47531D67-F82E-4326-BCDB-533AD89F588D}.Debug|Any CPU.Build.0 = Debug|Any CPU
		{47531D67-F82E-4326-BCDB-533AD89F588D}.Debug|x64.ActiveCfg = Debug|Any CPU
		{47531D67-F82E-4326-BCDB-533AD89F588D}.Debug|x64.Build.0 = Debug|Any CPU
		{47531D67-F82E-4326-BCDB-533AD89F588D}.Debug|x86.ActiveCfg = Debug|Any CPU
		{47531D67-F82E-4326-BCDB-533AD89F588D}.Debug|x86.Build.0 = Debug|Any CPU
		{47531D67-F82E-4326-BCDB-533AD89F588D}.Release|Any CPU.ActiveCfg = Release|Any CPU
		{47531D67-F82E-4326-BCDB-533AD89F588D}.Release|Any CPU.Build.0 = Release|Any CPU
		{47531D67-F82E-4326-BCDB-533AD89F588D}.Release|x64.ActiveCfg = Release|Any CPU
		{47531D67-F82E-4326-BCDB-533AD89F588D}.Release|x64.Build.0 = Release|Any CPU
		{47531D67-F82E-4326-BCDB-533AD89F588D}.Release|x86.ActiveCfg = Release|Any CPU
		{47531D67-F82E-4326-BCDB-533AD89F588D}.Release|x86.Build.0 = Release|Any CPU
		{801CBE45-D0F9-447D-9169-71A062068845}.Debug|Any CPU.ActiveCfg = Debug|Any CPU
		{801CBE45-D0F9-447D-9169-71A062068845}.Debug|Any CPU.Build.0 = Debug|Any CPU
		{801CBE45-D0F9-447D-9169-71A062068845}.Debug|x64.ActiveCfg = Debug|Any CPU
		{801CBE45-D0F9-447D-9169-71A062068845}.Debug|x64.Build.0 = Debug|Any CPU
		{801CBE45-D0F9-447D-9169-71A062068845}.Debug|x86.ActiveCfg = Debug|Any CPU
		{801CBE45-D0F9-447D-9169-71A062068845}.Debug|x86.Build.0 = Debug|Any CPU
		{801CBE45-D0F9-447D-9169-71A062068845}.Release|Any CPU.ActiveCfg = Release|Any CPU
		{801CBE45-D0F9-447D-9169-71A062068845}.Release|Any CPU.Build.0 = Release|Any CPU
		{801CBE45-D0F9-447D-9169-71A062068845}.Release|x64.ActiveCfg = Release|Any CPU
		{801CBE45-D0F9-447D-9169-71A062068845}.Release|x64.Build.0 = Release|Any CPU
		{801CBE45-D0F9-447D-9169-71A062068845}.Release|x86.ActiveCfg = Release|Any CPU
		{801CBE45-D0F9-447D-9169-71A062068845}.Release|x86.Build.0 = Release|Any CPU
		{68BC01A1-A211-4650-83B4-4BBB918A2BD3}.Debug|Any CPU.ActiveCfg = Debug|Any CPU
		{68BC01A1-A211-4650-83B4-4BBB918A2BD3}.Debug|Any CPU.Build.0 = Debug|Any CPU
		{68BC01A1-A211-4650-83B4-4BBB918A2BD3}.Debug|x64.ActiveCfg = Debug|Any CPU
		{68BC01A1-A211-4650-83B4-4BBB918A2BD3}.Debug|x64.Build.0 = Debug|Any CPU
		{68BC01A1-A211-4650-83B4-4BBB918A2BD3}.Debug|x86.ActiveCfg = Debug|Any CPU
		{68BC01A1-A211-4650-83B4-4BBB918A2BD3}.Debug|x86.Build.0 = Debug|Any CPU
		{68BC01A1-A211-4650-83B4-4BBB918A2BD3}.Release|Any CPU.ActiveCfg = Release|Any CPU
		{68BC01A1-A211-4650-83B4-4BBB918A2BD3}.Release|Any CPU.Build.0 = Release|Any CPU
		{68BC01A1-A211-4650-83B4-4BBB918A2BD3}.Release|x64.ActiveCfg = Release|Any CPU
		{68BC01A1-A211-4650-83B4-4BBB918A2BD3}.Release|x64.Build.0 = Release|Any CPU
		{68BC01A1-A211-4650-83B4-4BBB918A2BD3}.Release|x86.ActiveCfg = Release|Any CPU
		{68BC01A1-A211-4650-83B4-4BBB918A2BD3}.Release|x86.Build.0 = Release|Any CPU
		{91B14593-D5A0-4D80-ADF7-4490BBAF352E}.Debug|Any CPU.ActiveCfg = Debug|Any CPU
		{91B14593-D5A0-4D80-ADF7-4490BBAF352E}.Debug|Any CPU.Build.0 = Debug|Any CPU
		{91B14593-D5A0-4D80-ADF7-4490BBAF352E}.Debug|x64.ActiveCfg = Debug|Any CPU
		{91B14593-D5A0-4D80-ADF7-4490BBAF352E}.Debug|x64.Build.0 = Debug|Any CPU
		{91B14593-D5A0-4D80-ADF7-4490BBAF352E}.Debug|x86.ActiveCfg = Debug|Any CPU
		{91B14593-D5A0-4D80-ADF7-4490BBAF352E}.Debug|x86.Build.0 = Debug|Any CPU
		{91B14593-D5A0-4D80-ADF7-4490BBAF352E}.Release|Any CPU.ActiveCfg = Release|Any CPU
		{91B14593-D5A0-4D80-ADF7-4490BBAF352E}.Release|Any CPU.Build.0 = Release|Any CPU
		{91B14593-D5A0-4D80-ADF7-4490BBAF352E}.Release|x64.ActiveCfg = Release|Any CPU
		{91B14593-D5A0-4D80-ADF7-4490BBAF352E}.Release|x64.Build.0 = Release|Any CPU
		{91B14593-D5A0-4D80-ADF7-4490BBAF352E}.Release|x86.ActiveCfg = Release|Any CPU
		{91B14593-D5A0-4D80-ADF7-4490BBAF352E}.Release|x86.Build.0 = Release|Any CPU
	EndGlobalSection
	GlobalSection(NestedProjects) = preSolution
		{F3AB2CBA-5BDD-4983-846E-7722804A349C} = {AD130B16-C550-4106-9086-0B7FFB3E64AD}
		{CD3E8290-311D-4A91-AB13-6D2EE6FE34CE} = {241C0B54-7101-4A4C-B0C7-247B55126D8B}
		{43C64F49-7387-435A-AF80-1C80B89DC1B6} = {AD130B16-C550-4106-9086-0B7FFB3E64AD}
		{47531D67-F82E-4326-BCDB-533AD89F588D} = {AD130B16-C550-4106-9086-0B7FFB3E64AD}
		{801CBE45-D0F9-447D-9169-71A062068845} = {AD130B16-C550-4106-9086-0B7FFB3E64AD}
		{68BC01A1-A211-4650-83B4-4BBB918A2BD3} = {AD130B16-C550-4106-9086-0B7FFB3E64AD}
		{91B14593-D5A0-4D80-ADF7-4490BBAF352E} = {AD130B16-C550-4106-9086-0B7FFB3E64AD}
	EndGlobalSection
EndGlobal
